
Microsoft Visual Studio Solution File, Format Version 12.00
# Visual Studio Version 17
VisualStudioVersion = 17.10.35004.147
MinimumVisualStudioVersion = 10.0.40219.1
Project("{FAE04EC0-301F-11D3-BF4B-00C04F79EFBC}") = "hw_20_06_2024", "hw_20_06_2024\hw_20_06_2024.csproj", "{FECED336-23B3-46F4-A8C5-9A8460C8A50B}"
EndProject
Global
	GlobalSection(SolutionConfigurationPlatforms) = preSolution
		Debug|Any CPU = Debug|Any CPU
		Release|Any CPU = Release|Any CPU
	EndGlobalSection
	GlobalSection(ProjectConfigurationPlatforms) = postSolution
		{FECED336-23B3-46F4-A8C5-9A8460C8A50B}.Debug|Any CPU.ActiveCfg = Debug|Any CPU
		{FECED336-23B3-46F4-A8C5-9A8460C8A50B}.Debug|Any CPU.Build.0 = Debug|Any CPU
		{FECED336-23B3-46F4-A8C5-9A8460C8A50B}.Release|Any CPU.ActiveCfg = Release|Any CPU
		{FECED336-23B3-46F4-A8C5-9A8460C8A50B}.Release|Any CPU.Build.0 = Release|Any CPU
	EndGlobalSection
	GlobalSection(SolutionProperties) = preSolution
		HideSolutionNode = FALSE
	EndGlobalSection
	GlobalSection(ExtensibilityGlobals) = postSolution
		SolutionGuid = {59783C97-11FA-4AD2-BA0B-C65A23CF605C}
	EndGlobalSection
EndGlobal
